
Microsoft Visual Studio Solution File, Format Version 12.00
# Visual Studio 15
VisualStudioVersion = 15.0.27703.2042
MinimumVisualStudioVersion = 10.0.40219.1
Project("{FAE04EC0-301F-11D3-BF4B-00C04F79EFBC}") = "AppEvaSegMovil.Android", "AppEvaSegMovil\AppEvaSegMovil.Android\AppEvaSegMovil.Android.csproj", "{847714AC-88DD-40C0-9DF8-07898292CAFB}"
EndProject
Project("{FAE04EC0-301F-11D3-BF4B-00C04F79EFBC}") = "AppEvaSegMovil.iOS", "AppEvaSegMovil\AppEvaSegMovil.iOS\AppEvaSegMovil.iOS.csproj", "{4A96E200-D548-4791-AD57-B0480CD94922}"
EndProject
Project("{FAE04EC0-301F-11D3-BF4B-00C04F79EFBC}") = "AppEvaSegMovil.UWP", "AppEvaSegMovil\AppEvaSegMovil.UWP\AppEvaSegMovil.UWP.csproj", "{CACB063D-F602-4502-A6CF-479D03BF7B40}"
EndProject
Project("{FAE04EC0-301F-11D3-BF4B-00C04F79EFBC}") = "AppEvaSegMovil", "AppEvaSegMovil\AppEvaSegMovil\AppEvaSegMovil.csproj", "{7CE8BEA9-276B-401F-8391-DC083A554E7F}"
EndProject
Global
	GlobalSection(SolutionConfigurationPlatforms) = preSolution
		Ad-Hoc|Any CPU = Ad-Hoc|Any CPU
		Ad-Hoc|ARM = Ad-Hoc|ARM
		Ad-Hoc|iPhone = Ad-Hoc|iPhone
		Ad-Hoc|iPhoneSimulator = Ad-Hoc|iPhoneSimulator
		Ad-Hoc|x64 = Ad-Hoc|x64
		Ad-Hoc|x86 = Ad-Hoc|x86
		AppStore|Any CPU = AppStore|Any CPU
		AppStore|ARM = AppStore|ARM
		AppStore|iPhone = AppStore|iPhone
		AppStore|iPhoneSimulator = AppStore|iPhoneSimulator
		AppStore|x64 = AppStore|x64
		AppStore|x86 = AppStore|x86
		Debug|Any CPU = Debug|Any CPU
		Debug|ARM = Debug|ARM
		Debug|iPhone = Debug|iPhone
		Debug|iPhoneSimulator = Debug|iPhoneSimulator
		Debug|x64 = Debug|x64
		Debug|x86 = Debug|x86
		Release|Any CPU = Release|Any CPU
		Release|ARM = Release|ARM
		Release|iPhone = Release|iPhone
		Release|iPhoneSimulator = Release|iPhoneSimulator
		Release|x64 = Release|x64
		Release|x86 = Release|x86
	EndGlobalSection
	GlobalSection(ProjectConfigurationPlatforms) = postSolution
		{847714AC-88DD-40C0-9DF8-07898292CAFB}.Ad-Hoc|Any CPU.ActiveCfg = Release|Any CPU
		{847714AC-88DD-40C0-9DF8-07898292CAFB}.Ad-Hoc|Any CPU.Build.0 = Release|Any CPU
		{847714AC-88DD-40C0-9DF8-07898292CAFB}.Ad-Hoc|Any CPU.Deploy.0 = Release|Any CPU
		{847714AC-88DD-40C0-9DF8-07898292CAFB}.Ad-Hoc|ARM.ActiveCfg = Release|Any CPU
		{847714AC-88DD-40C0-9DF8-07898292CAFB}.Ad-Hoc|ARM.Build.0 = Release|Any CPU
		{847714AC-88DD-40C0-9DF8-07898292CAFB}.Ad-Hoc|ARM.Deploy.0 = Release|Any CPU
		{847714AC-88DD-40C0-9DF8-07898292CAFB}.Ad-Hoc|iPhone.ActiveCfg = Release|Any CPU
		{847714AC-88DD-40C0-9DF8-07898292CAFB}.Ad-Hoc|iPhone.Build.0 = Release|Any CPU
		{847714AC-88DD-40C0-9DF8-07898292CAFB}.Ad-Hoc|iPhone.Deploy.0 = Release|Any CPU
		{847714AC-88DD-40C0-9DF8-07898292CAFB}.Ad-Hoc|iPhoneSimulator.ActiveCfg = Release|Any CPU
		{847714AC-88DD-40C0-9DF8-07898292CAFB}.Ad-Hoc|iPhoneSimulator.Build.0 = Release|Any CPU
		{847714AC-88DD-40C0-9DF8-07898292CAFB}.Ad-Hoc|iPhoneSimulator.Deploy.0 = Release|Any CPU
		{847714AC-88DD-40C0-9DF8-07898292CAFB}.Ad-Hoc|x64.ActiveCfg = Release|Any CPU
		{847714AC-88DD-40C0-9DF8-07898292CAFB}.Ad-Hoc|x64.Build.0 = Release|Any CPU
		{847714AC-88DD-40C0-9DF8-07898292CAFB}.Ad-Hoc|x64.Deploy.0 = Release|Any CPU
		{847714AC-88DD-40C0-9DF8-07898292CAFB}.Ad-Hoc|x86.ActiveCfg = Release|Any CPU
		{847714AC-88DD-40C0-9DF8-07898292CAFB}.Ad-Hoc|x86.Build.0 = Release|Any CPU
		{847714AC-88DD-40C0-9DF8-07898292CAFB}.Ad-Hoc|x86.Deploy.0 = Release|Any CPU
		{847714AC-88DD-40C0-9DF8-07898292CAFB}.AppStore|Any CPU.ActiveCfg = Release|Any CPU
		{847714AC-88DD-40C0-9DF8-07898292CAFB}.AppStore|Any CPU.Build.0 = Release|Any CPU
		{847714AC-88DD-40C0-9DF8-07898292CAFB}.AppStore|Any CPU.Deploy.0 = Release|Any CPU
		{847714AC-88DD-40C0-9DF8-07898292CAFB}.AppStore|ARM.ActiveCfg = Release|Any CPU
		{847714AC-88DD-40C0-9DF8-07898292CAFB}.AppStore|ARM.Build.0 = Release|Any CPU
		{847714AC-88DD-40C0-9DF8-07898292CAFB}.AppStore|ARM.Deploy.0 = Release|Any CPU
		{847714AC-88DD-40C0-9DF8-07898292CAFB}.AppStore|iPhone.ActiveCfg = Release|Any CPU
		{847714AC-88DD-40C0-9DF8-07898292CAFB}.AppStore|iPhone.Build.0 = Release|Any CPU
		{847714AC-88DD-40C0-9DF8-07898292CAFB}.AppStore|iPhone.Deploy.0 = Release|Any CPU
		{847714AC-88DD-40C0-9DF8-07898292CAFB}.AppStore|iPhoneSimulator.ActiveCfg = Release|Any CPU
		{847714AC-88DD-40C0-9DF8-07898292CAFB}.AppStore|iPhoneSimulator.Build.0 = Release|Any CPU
		{847714AC-88DD-40C0-9DF8-07898292CAFB}.AppStore|iPhoneSimulator.Deploy.0 = Release|Any CPU
		{847714AC-88DD-40C0-9DF8-07898292CAFB}.AppStore|x64.ActiveCfg = Release|Any CPU
		{847714AC-88DD-40C0-9DF8-07898292CAFB}.AppStore|x64.Build.0 = Release|Any CPU
		{847714AC-88DD-40C0-9DF8-07898292CAFB}.AppStore|x64.Deploy.0 = Release|Any CPU
		{847714AC-88DD-40C0-9DF8-07898292CAFB}.AppStore|x86.ActiveCfg = Release|Any CPU
		{847714AC-88DD-40C0-9DF8-07898292CAFB}.AppStore|x86.Build.0 = Release|Any CPU
		{847714AC-88DD-40C0-9DF8-07898292CAFB}.AppStore|x86.Deploy.0 = Release|Any CPU
		{847714AC-88DD-40C0-9DF8-07898292CAFB}.Debug|Any CPU.ActiveCfg = Debug|Any CPU
		{847714AC-88DD-40C0-9DF8-07898292CAFB}.Debug|Any CPU.Build.0 = Debug|Any CPU
		{847714AC-88DD-40C0-9DF8-07898292CAFB}.Debug|Any CPU.Deploy.0 = Debug|Any CPU
		{847714AC-88DD-40C0-9DF8-07898292CAFB}.Debug|ARM.ActiveCfg = Debug|Any CPU
		{847714AC-88DD-40C0-9DF8-07898292CAFB}.Debug|ARM.Build.0 = Debug|Any CPU
		{847714AC-88DD-40C0-9DF8-07898292CAFB}.Debug|ARM.Deploy.0 = Debug|Any CPU
		{847714AC-88DD-40C0-9DF8-07898292CAFB}.Debug|iPhone.ActiveCfg = Debug|Any CPU
		{847714AC-88DD-40C0-9DF8-07898292CAFB}.Debug|iPhone.Build.0 = Debug|Any CPU
		{847714AC-88DD-40C0-9DF8-07898292CAFB}.Debug|iPhone.Deploy.0 = Debug|Any CPU
		{847714AC-88DD-40C0-9DF8-07898292CAFB}.Debug|iPhoneSimulator.ActiveCfg = Debug|Any CPU
		{847714AC-88DD-40C0-9DF8-07898292CAFB}.Debug|iPhoneSimulator.Build.0 = Debug|Any CPU
		{847714AC-88DD-40C0-9DF8-07898292CAFB}.Debug|iPhoneSimulator.Deploy.0 = Debug|Any CPU
		{847714AC-88DD-40C0-9DF8-07898292CAFB}.Debug|x64.ActiveCfg = Debug|Any CPU
		{847714AC-88DD-40C0-9DF8-07898292CAFB}.Debug|x64.Build.0 = Debug|Any CPU
		{847714AC-88DD-40C0-9DF8-07898292CAFB}.Debug|x64.Deploy.0 = Debug|Any CPU
		{847714AC-88DD-40C0-9DF8-07898292CAFB}.Debug|x86.ActiveCfg = Debug|Any CPU
		{847714AC-88DD-40C0-9DF8-07898292CAFB}.Debug|x86.Build.0 = Debug|Any CPU
		{847714AC-88DD-40C0-9DF8-07898292CAFB}.Debug|x86.Deploy.0 = Debug|Any CPU
		{847714AC-88DD-40C0-9DF8-07898292CAFB}.Release|Any CPU.ActiveCfg = Release|Any CPU
		{847714AC-88DD-40C0-9DF8-07898292CAFB}.Release|Any CPU.Build.0 = Release|Any CPU
		{847714AC-88DD-40C0-9DF8-07898292CAFB}.Release|Any CPU.Deploy.0 = Release|Any CPU
		{847714AC-88DD-40C0-9DF8-07898292CAFB}.Release|ARM.ActiveCfg = Release|Any CPU
		{847714AC-88DD-40C0-9DF8-07898292CAFB}.Release|ARM.Build.0 = Release|Any CPU
		{847714AC-88DD-40C0-9DF8-07898292CAFB}.Release|ARM.Deploy.0 = Release|Any CPU
		{847714AC-88DD-40C0-9DF8-07898292CAFB}.Release|iPhone.ActiveCfg = Release|Any CPU
		{847714AC-88DD-40C0-9DF8-07898292CAFB}.Release|iPhone.Build.0 = Release|Any CPU
		{847714AC-88DD-40C0-9DF8-07898292CAFB}.Release|iPhone.Deploy.0 = Release|Any CPU
		{847714AC-88DD-40C0-9DF8-07898292CAFB}.Release|iPhoneSimulator.ActiveCfg = Release|Any CPU
		{847714AC-88DD-40C0-9DF8-07898292CAFB}.Release|iPhoneSimulator.Build.0 = Release|Any CPU
		{847714AC-88DD-40C0-9DF8-07898292CAFB}.Release|iPhoneSimulator.Deploy.0 = Release|Any CPU
		{847714AC-88DD-40C0-9DF8-07898292CAFB}.Release|x64.ActiveCfg = Release|Any CPU
		{847714AC-88DD-40C0-9DF8-07898292CAFB}.Release|x64.Build.0 = Release|Any CPU
		{847714AC-88DD-40C0-9DF8-07898292CAFB}.Release|x64.Deploy.0 = Release|Any CPU
		{847714AC-88DD-40C0-9DF8-07898292CAFB}.Release|x86.ActiveCfg = Release|Any CPU
		{847714AC-88DD-40C0-9DF8-07898292CAFB}.Release|x86.Build.0 = Release|Any CPU
		{847714AC-88DD-40C0-9DF8-07898292CAFB}.Release|x86.Deploy.0 = Release|Any CPU
		{4A96E200-D548-4791-AD57-B0480CD94922}.Ad-Hoc|Any CPU.ActiveCfg = Ad-Hoc|iPhone
		{4A96E200-D548-4791-AD57-B0480CD94922}.Ad-Hoc|Any CPU.Build.0 = Ad-Hoc|iPhone
		{4A96E200-D548-4791-AD57-B0480CD94922}.Ad-Hoc|Any CPU.Deploy.0 = Ad-Hoc|iPhone
		{4A96E200-D548-4791-AD57-B0480CD94922}.Ad-Hoc|ARM.ActiveCfg = Ad-Hoc|iPhone
		{4A96E200-D548-4791-AD57-B0480CD94922}.Ad-Hoc|ARM.Build.0 = Ad-Hoc|iPhone
		{4A96E200-D548-4791-AD57-B0480CD94922}.Ad-Hoc|ARM.Deploy.0 = Ad-Hoc|iPhone
		{4A96E200-D548-4791-AD57-B0480CD94922}.Ad-Hoc|iPhone.ActiveCfg = Ad-Hoc|iPhone
		{4A96E200-D548-4791-AD57-B0480CD94922}.Ad-Hoc|iPhone.Build.0 = Ad-Hoc|iPhone
		{4A96E200-D548-4791-AD57-B0480CD94922}.Ad-Hoc|iPhone.Deploy.0 = Ad-Hoc|iPhone
		{4A96E200-D548-4791-AD57-B0480CD94922}.Ad-Hoc|iPhoneSimulator.ActiveCfg = Ad-Hoc|iPhoneSimulator
		{4A96E200-D548-4791-AD57-B0480CD94922}.Ad-Hoc|iPhoneSimulator.Build.0 = Ad-Hoc|iPhoneSimulator
		{4A96E200-D548-4791-AD57-B0480CD94922}.Ad-Hoc|iPhoneSimulator.Deploy.0 = Ad-Hoc|iPhoneSimulator
		{4A96E200-D548-4791-AD57-B0480CD94922}.Ad-Hoc|x64.ActiveCfg = Ad-Hoc|iPhone
		{4A96E200-D548-4791-AD57-B0480CD94922}.Ad-Hoc|x64.Build.0 = Ad-Hoc|iPhone
		{4A96E200-D548-4791-AD57-B0480CD94922}.Ad-Hoc|x64.Deploy.0 = Ad-Hoc|iPhone
		{4A96E200-D548-4791-AD57-B0480CD94922}.Ad-Hoc|x86.ActiveCfg = Ad-Hoc|iPhone
		{4A96E200-D548-4791-AD57-B0480CD94922}.Ad-Hoc|x86.Build.0 = Ad-Hoc|iPhone
		{4A96E200-D548-4791-AD57-B0480CD94922}.Ad-Hoc|x86.Deploy.0 = Ad-Hoc|iPhone
		{4A96E200-D548-4791-AD57-B0480CD94922}.AppStore|Any CPU.ActiveCfg = AppStore|iPhone
		{4A96E200-D548-4791-AD57-B0480CD94922}.AppStore|Any CPU.Build.0 = AppStore|iPhone
		{4A96E200-D548-4791-AD57-B0480CD94922}.AppStore|Any CPU.Deploy.0 = AppStore|iPhone
		{4A96E200-D548-4791-AD57-B0480CD94922}.AppStore|ARM.ActiveCfg = AppStore|iPhone
		{4A96E200-D548-4791-AD57-B0480CD94922}.AppStore|ARM.Build.0 = AppStore|iPhone
		{4A96E200-D548-4791-AD57-B0480CD94922}.AppStore|ARM.Deploy.0 = AppStore|iPhone
		{4A96E200-D548-4791-AD57-B0480CD94922}.AppStore|iPhone.ActiveCfg = AppStore|iPhone
		{4A96E200-D548-4791-AD57-B0480CD94922}.AppStore|iPhone.Build.0 = AppStore|iPhone
		{4A96E200-D548-4791-AD57-B0480CD94922}.AppStore|iPhone.Deploy.0 = AppStore|iPhone
		{4A96E200-D548-4791-AD57-B0480CD94922}.AppStore|iPhoneSimulator.ActiveCfg = AppStore|iPhoneSimulator
		{4A96E200-D548-4791-AD57-B0480CD94922}.AppStore|iPhoneSimulator.Build.0 = AppStore|iPhoneSimulator
		{4A96E200-D548-4791-AD57-B0480CD94922}.AppStore|iPhoneSimulator.Deploy.0 = AppStore|iPhoneSimulator
		{4A96E200-D548-4791-AD57-B0480CD94922}.AppStore|x64.ActiveCfg = AppStore|iPhone
		{4A96E200-D548-4791-AD57-B0480CD94922}.AppStore|x64.Build.0 = AppStore|iPhone
		{4A96E200-D548-4791-AD57-B0480CD94922}.AppStore|x64.Deploy.0 = AppStore|iPhone
		{4A96E200-D548-4791-AD57-B0480CD94922}.AppStore|x86.ActiveCfg = AppStore|iPhone
		{4A96E200-D548-4791-AD57-B0480CD94922}.AppStore|x86.Build.0 = AppStore|iPhone
		{4A96E200-D548-4791-AD57-B0480CD94922}.AppStore|x86.Deploy.0 = AppStore|iPhone
		{4A96E200-D548-4791-AD57-B0480CD94922}.Debug|Any CPU.ActiveCfg = Debug|iPhoneSimulator
		{4A96E200-D548-4791-AD57-B0480CD94922}.Debug|Any CPU.Build.0 = Debug|iPhoneSimulator
		{4A96E200-D548-4791-AD57-B0480CD94922}.Debug|Any CPU.Deploy.0 = Debug|iPhoneSimulator
		{4A96E200-D548-4791-AD57-B0480CD94922}.Debug|ARM.ActiveCfg = Debug|iPhone
		{4A96E200-D548-4791-AD57-B0480CD94922}.Debug|ARM.Build.0 = Debug|iPhone
		{4A96E200-D548-4791-AD57-B0480CD94922}.Debug|ARM.Deploy.0 = Debug|iPhone
		{4A96E200-D548-4791-AD57-B0480CD94922}.Debug|iPhone.ActiveCfg = Debug|iPhone
		{4A96E200-D548-4791-AD57-B0480CD94922}.Debug|iPhone.Build.0 = Debug|iPhone
		{4A96E200-D548-4791-AD57-B0480CD94922}.Debug|iPhone.Deploy.0 = Debug|iPhone
		{4A96E200-D548-4791-AD57-B0480CD94922}.Debug|iPhoneSimulator.ActiveCfg = Debug|iPhoneSimulator
		{4A96E200-D548-4791-AD57-B0480CD94922}.Debug|iPhoneSimulator.Build.0 = Debug|iPhoneSimulator
		{4A96E200-D548-4791-AD57-B0480CD94922}.Debug|iPhoneSimulator.Deploy.0 = Debug|iPhoneSimulator
		{4A96E200-D548-4791-AD57-B0480CD94922}.Debug|x64.ActiveCfg = Debug|iPhone
		{4A96E200-D548-4791-AD57-B0480CD94922}.Debug|x64.Build.0 = Debug|iPhone
		{4A96E200-D548-4791-AD57-B0480CD94922}.Debug|x64.Deploy.0 = Debug|iPhone
		{4A96E200-D548-4791-AD57-B0480CD94922}.Debug|x86.ActiveCfg = Debug|iPhone
		{4A96E200-D548-4791-AD57-B0480CD94922}.Debug|x86.Build.0 = Debug|iPhone
		{4A96E200-D548-4791-AD57-B0480CD94922}.Debug|x86.Deploy.0 = Debug|iPhone
		{4A96E200-D548-4791-AD57-B0480CD94922}.Release|Any CPU.ActiveCfg = Release|iPhone
		{4A96E200-D548-4791-AD57-B0480CD94922}.Release|Any CPU.Build.0 = Release|iPhone
		{4A96E200-D548-4791-AD57-B0480CD94922}.Release|Any CPU.Deploy.0 = Release|iPhone
		{4A96E200-D548-4791-AD57-B0480CD94922}.Release|ARM.ActiveCfg = Release|iPhone
		{4A96E200-D548-4791-AD57-B0480CD94922}.Release|ARM.Build.0 = Release|iPhone
		{4A96E200-D548-4791-AD57-B0480CD94922}.Release|ARM.Deploy.0 = Release|iPhone
		{4A96E200-D548-4791-AD57-B0480CD94922}.Release|iPhone.ActiveCfg = Release|iPhone
		{4A96E200-D548-4791-AD57-B0480CD94922}.Release|iPhone.Build.0 = Release|iPhone
		{4A96E200-D548-4791-AD57-B0480CD94922}.Release|iPhone.Deploy.0 = Release|iPhone
		{4A96E200-D548-4791-AD57-B0480CD94922}.Release|iPhoneSimulator.ActiveCfg = Release|iPhoneSimulator
		{4A96E200-D548-4791-AD57-B0480CD94922}.Release|iPhoneSimulator.Build.0 = Release|iPhoneSimulator
		{4A96E200-D548-4791-AD57-B0480CD94922}.Release|iPhoneSimulator.Deploy.0 = Release|iPhoneSimulator
		{4A96E200-D548-4791-AD57-B0480CD94922}.Release|x64.ActiveCfg = Release|iPhone
		{4A96E200-D548-4791-AD57-B0480CD94922}.Release|x64.Build.0 = Release|iPhone
		{4A96E200-D548-4791-AD57-B0480CD94922}.Release|x64.Deploy.0 = Release|iPhone
		{4A96E200-D548-4791-AD57-B0480CD94922}.Release|x86.ActiveCfg = Release|iPhone
		{4A96E200-D548-4791-AD57-B0480CD94922}.Release|x86.Build.0 = Release|iPhone
		{4A96E200-D548-4791-AD57-B0480CD94922}.Release|x86.Deploy.0 = Release|iPhone
		{CACB063D-F602-4502-A6CF-479D03BF7B40}.Ad-Hoc|Any CPU.ActiveCfg = Release|x86
		{CACB063D-F602-4502-A6CF-479D03BF7B40}.Ad-Hoc|Any CPU.Build.0 = Release|x86
		{CACB063D-F602-4502-A6CF-479D03BF7B40}.Ad-Hoc|Any CPU.Deploy.0 = Release|x86
		{CACB063D-F602-4502-A6CF-479D03BF7B40}.Ad-Hoc|ARM.ActiveCfg = Release|ARM
		{CACB063D-F602-4502-A6CF-479D03BF7B40}.Ad-Hoc|ARM.Build.0 = Release|ARM
		{CACB063D-F602-4502-A6CF-479D03BF7B40}.Ad-Hoc|ARM.Deploy.0 = Release|ARM
		{CACB063D-F602-4502-A6CF-479D03BF7B40}.Ad-Hoc|iPhone.ActiveCfg = Release|x86
		{CACB063D-F602-4502-A6CF-479D03BF7B40}.Ad-Hoc|iPhone.Build.0 = Release|x86
		{CACB063D-F602-4502-A6CF-479D03BF7B40}.Ad-Hoc|iPhone.Deploy.0 = Release|x86
		{CACB063D-F602-4502-A6CF-479D03BF7B40}.Ad-Hoc|iPhoneSimulator.ActiveCfg = Release|x86
		{CACB063D-F602-4502-A6CF-479D03BF7B40}.Ad-Hoc|iPhoneSimulator.Build.0 = Release|x86
		{CACB063D-F602-4502-A6CF-479D03BF7B40}.Ad-Hoc|iPhoneSimulator.Deploy.0 = Release|x86
		{CACB063D-F602-4502-A6CF-479D03BF7B40}.Ad-Hoc|x64.ActiveCfg = Release|x64
		{CACB063D-F602-4502-A6CF-479D03BF7B40}.Ad-Hoc|x64.Build.0 = Release|x64
		{CACB063D-F602-4502-A6CF-479D03BF7B40}.Ad-Hoc|x64.Deploy.0 = Release|x64
		{CACB063D-F602-4502-A6CF-479D03BF7B40}.Ad-Hoc|x86.ActiveCfg = Release|x86
		{CACB063D-F602-4502-A6CF-479D03BF7B40}.Ad-Hoc|x86.Build.0 = Release|x86
		{CACB063D-F602-4502-A6CF-479D03BF7B40}.Ad-Hoc|x86.Deploy.0 = Release|x86
		{CACB063D-F602-4502-A6CF-479D03BF7B40}.AppStore|Any CPU.ActiveCfg = Release|x86
		{CACB063D-F602-4502-A6CF-479D03BF7B40}.AppStore|Any CPU.Build.0 = Release|x86
		{CACB063D-F602-4502-A6CF-479D03BF7B40}.AppStore|Any CPU.Deploy.0 = Release|x86
		{CACB063D-F602-4502-A6CF-479D03BF7B40}.AppStore|ARM.ActiveCfg = Release|ARM
		{CACB063D-F602-4502-A6CF-479D03BF7B40}.AppStore|ARM.Build.0 = Release|ARM
		{CACB063D-F602-4502-A6CF-479D03BF7B40}.AppStore|ARM.Deploy.0 = Release|ARM
		{CACB063D-F602-4502-A6CF-479D03BF7B40}.AppStore|iPhone.ActiveCfg = Release|x86
		{CACB063D-F602-4502-A6CF-479D03BF7B40}.AppStore|iPhone.Build.0 = Release|x86
		{CACB063D-F602-4502-A6CF-479D03BF7B40}.AppStore|iPhone.Deploy.0 = Release|x86
		{CACB063D-F602-4502-A6CF-479D03BF7B40}.AppStore|iPhoneSimulator.ActiveCfg = Release|x86
		{CACB063D-F602-4502-A6CF-479D03BF7B40}.AppStore|iPhoneSimulator.Build.0 = Release|x86
		{CACB063D-F602-4502-A6CF-479D03BF7B40}.AppStore|iPhoneSimulator.Deploy.0 = Release|x86
		{CACB063D-F602-4502-A6CF-479D03BF7B40}.AppStore|x64.ActiveCfg = Release|x64
		{CACB063D-F602-4502-A6CF-479D03BF7B40}.AppStore|x64.Build.0 = Release|x64
		{CACB063D-F602-4502-A6CF-479D03BF7B40}.AppStore|x64.Deploy.0 = Release|x64
		{CACB063D-F602-4502-A6CF-479D03BF7B40}.AppStore|x86.ActiveCfg = Release|x86
		{CACB063D-F602-4502-A6CF-479D03BF7B40}.AppStore|x86.Build.0 = Release|x86
		{CACB063D-F602-4502-A6CF-479D03BF7B40}.AppStore|x86.Deploy.0 = Release|x86
		{CACB063D-F602-4502-A6CF-479D03BF7B40}.Debug|Any CPU.ActiveCfg = Debug|x86
		{CACB063D-F602-4502-A6CF-479D03BF7B40}.Debug|Any CPU.Build.0 = Debug|x86
		{CACB063D-F602-4502-A6CF-479D03BF7B40}.Debug|Any CPU.Deploy.0 = Debug|x86
		{CACB063D-F602-4502-A6CF-479D03BF7B40}.Debug|ARM.ActiveCfg = Debug|ARM
		{CACB063D-F602-4502-A6CF-479D03BF7B40}.Debug|ARM.Build.0 = Debug|ARM
		{CACB063D-F602-4502-A6CF-479D03BF7B40}.Debug|ARM.Deploy.0 = Debug|ARM
		{CACB063D-F602-4502-A6CF-479D03BF7B40}.Debug|iPhone.ActiveCfg = Debug|x86
		{CACB063D-F602-4502-A6CF-479D03BF7B40}.Debug|iPhone.Build.0 = Debug|x86
		{CACB063D-F602-4502-A6CF-479D03BF7B40}.Debug|iPhone.Deploy.0 = Debug|x86
		{CACB063D-F602-4502-A6CF-479D03BF7B40}.Debug|iPhoneSimulator.ActiveCfg = Debug|x86
		{CACB063D-F602-4502-A6CF-479D03BF7B40}.Debug|iPhoneSimulator.Build.0 = Debug|x86
		{CACB063D-F602-4502-A6CF-479D03BF7B40}.Debug|iPhoneSimulator.Deploy.0 = Debug|x86
		{CACB063D-F602-4502-A6CF-479D03BF7B40}.Debug|x64.ActiveCfg = Debug|x64
		{CACB063D-F602-4502-A6CF-479D03BF7B40}.Debug|x64.Build.0 = Debug|x64
		{CACB063D-F602-4502-A6CF-479D03BF7B40}.Debug|x64.Deploy.0 = Debug|x64
		{CACB063D-F602-4502-A6CF-479D03BF7B40}.Debug|x86.ActiveCfg = Debug|x86
		{CACB063D-F602-4502-A6CF-479D03BF7B40}.Debug|x86.Build.0 = Debug|x86
		{CACB063D-F602-4502-A6CF-479D03BF7B40}.Debug|x86.Deploy.0 = Debug|x86
		{CACB063D-F602-4502-A6CF-479D03BF7B40}.Release|Any CPU.ActiveCfg = Release|x86
		{CACB063D-F602-4502-A6CF-479D03BF7B40}.Release|Any CPU.Build.0 = Release|x86
		{CACB063D-F602-4502-A6CF-479D03BF7B40}.Release|Any CPU.Deploy.0 = Release|x86
		{CACB063D-F602-4502-A6CF-479D03BF7B40}.Release|ARM.ActiveCfg = Release|ARM
		{CACB063D-F602-4502-A6CF-479D03BF7B40}.Release|ARM.Build.0 = Release|ARM
		{CACB063D-F602-4502-A6CF-479D03BF7B40}.Release|ARM.Deploy.0 = Release|ARM
		{CACB063D-F602-4502-A6CF-479D03BF7B40}.Release|iPhone.ActiveCfg = Release|x86
		{CACB063D-F602-4502-A6CF-479D03BF7B40}.Release|iPhone.Build.0 = Release|x86
		{CACB063D-F602-4502-A6CF-479D03BF7B40}.Release|iPhone.Deploy.0 = Release|x86
		{CACB063D-F602-4502-A6CF-479D03BF7B40}.Release|iPhoneSimulator.ActiveCfg = Release|x86
		{CACB063D-F602-4502-A6CF-479D03BF7B40}.Release|iPhoneSimulator.Build.0 = Release|x86
		{CACB063D-F602-4502-A6CF-479D03BF7B40}.Release|iPhoneSimulator.Deploy.0 = Release|x86
		{CACB063D-F602-4502-A6CF-479D03BF7B40}.Release|x64.ActiveCfg = Release|x64
		{CACB063D-F602-4502-A6CF-479D03BF7B40}.Release|x64.Build.0 = Release|x64
		{CACB063D-F602-4502-A6CF-479D03BF7B40}.Release|x64.Deploy.0 = Release|x64
		{CACB063D-F602-4502-A6CF-479D03BF7B40}.Release|x86.ActiveCfg = Release|x86
		{CACB063D-F602-4502-A6CF-479D03BF7B40}.Release|x86.Build.0 = Release|x86
		{CACB063D-F602-4502-A6CF-479D03BF7B40}.Release|x86.Deploy.0 = Release|x86
		{7CE8BEA9-276B-401F-8391-DC083A554E7F}.Ad-Hoc|Any CPU.ActiveCfg = Debug|Any CPU
		{7CE8BEA9-276B-401F-8391-DC083A554E7F}.Ad-Hoc|Any CPU.Build.0 = Debug|Any CPU
		{7CE8BEA9-276B-401F-8391-DC083A554E7F}.Ad-Hoc|Any CPU.Deploy.0 = Debug|Any CPU
		{7CE8BEA9-276B-401F-8391-DC083A554E7F}.Ad-Hoc|ARM.ActiveCfg = Debug|Any CPU
		{7CE8BEA9-276B-401F-8391-DC083A554E7F}.Ad-Hoc|ARM.Build.0 = Debug|Any CPU
		{7CE8BEA9-276B-401F-8391-DC083A554E7F}.Ad-Hoc|ARM.Deploy.0 = Debug|Any CPU
		{7CE8BEA9-276B-401F-8391-DC083A554E7F}.Ad-Hoc|iPhone.ActiveCfg = Debug|Any CPU
		{7CE8BEA9-276B-401F-8391-DC083A554E7F}.Ad-Hoc|iPhone.Build.0 = Debug|Any CPU
		{7CE8BEA9-276B-401F-8391-DC083A554E7F}.Ad-Hoc|iPhone.Deploy.0 = Debug|Any CPU
		{7CE8BEA9-276B-401F-8391-DC083A554E7F}.Ad-Hoc|iPhoneSimulator.ActiveCfg = Debug|Any CPU
		{7CE8BEA9-276B-401F-8391-DC083A554E7F}.Ad-Hoc|iPhoneSimulator.Build.0 = Debug|Any CPU
		{7CE8BEA9-276B-401F-8391-DC083A554E7F}.Ad-Hoc|iPhoneSimulator.Deploy.0 = Debug|Any CPU
		{7CE8BEA9-276B-401F-8391-DC083A554E7F}.Ad-Hoc|x64.ActiveCfg = Debug|Any CPU
		{7CE8BEA9-276B-401F-8391-DC083A554E7F}.Ad-Hoc|x64.Build.0 = Debug|Any CPU
		{7CE8BEA9-276B-401F-8391-DC083A554E7F}.Ad-Hoc|x64.Deploy.0 = Debug|Any CPU
		{7CE8BEA9-276B-401F-8391-DC083A554E7F}.Ad-Hoc|x86.ActiveCfg = Debug|Any CPU
		{7CE8BEA9-276B-401F-8391-DC083A554E7F}.Ad-Hoc|x86.Build.0 = Debug|Any CPU
		{7CE8BEA9-276B-401F-8391-DC083A554E7F}.Ad-Hoc|x86.Deploy.0 = Debug|Any CPU
		{7CE8BEA9-276B-401F-8391-DC083A554E7F}.AppStore|Any CPU.ActiveCfg = Debug|Any CPU
		{7CE8BEA9-276B-401F-8391-DC083A554E7F}.AppStore|Any CPU.Build.0 = Debug|Any CPU
		{7CE8BEA9-276B-401F-8391-DC083A554E7F}.AppStore|Any CPU.Deploy.0 = Debug|Any CPU
		{7CE8BEA9-276B-401F-8391-DC083A554E7F}.AppStore|ARM.ActiveCfg = Debug|Any CPU
		{7CE8BEA9-276B-401F-8391-DC083A554E7F}.AppStore|ARM.Build.0 = Debug|Any CPU
		{7CE8BEA9-276B-401F-8391-DC083A554E7F}.AppStore|ARM.Deploy.0 = Debug|Any CPU
		{7CE8BEA9-276B-401F-8391-DC083A554E7F}.AppStore|iPhone.ActiveCfg = Debug|Any CPU
		{7CE8BEA9-276B-401F-8391-DC083A554E7F}.AppStore|iPhone.Build.0 = Debug|Any CPU
		{7CE8BEA9-276B-401F-8391-DC083A554E7F}.AppStore|iPhone.Deploy.0 = Debug|Any CPU
		{7CE8BEA9-276B-401F-8391-DC083A554E7F}.AppStore|iPhoneSimulator.ActiveCfg = Debug|Any CPU
		{7CE8BEA9-276B-401F-8391-DC083A554E7F}.AppStore|iPhoneSimulator.Build.0 = Debug|Any CPU
		{7CE8BEA9-276B-401F-8391-DC083A554E7F}.AppStore|iPhoneSimulator.Deploy.0 = Debug|Any CPU
		{7CE8BEA9-276B-401F-8391-DC083A554E7F}.AppStore|x64.ActiveCfg = Debug|Any CPU
		{7CE8BEA9-276B-401F-8391-DC083A554E7F}.AppStore|x64.Build.0 = Debug|Any CPU
		{7CE8BEA9-276B-401F-8391-DC083A554E7F}.AppStore|x64.Deploy.0 = Debug|Any CPU
		{7CE8BEA9-276B-401F-8391-DC083A554E7F}.AppStore|x86.ActiveCfg = Debug|Any CPU
		{7CE8BEA9-276B-401F-8391-DC083A554E7F}.AppStore|x86.Build.0 = Debug|Any CPU
		{7CE8BEA9-276B-401F-8391-DC083A554E7F}.AppStore|x86.Deploy.0 = Debug|Any CPU
		{7CE8BEA9-276B-401F-8391-DC083A554E7F}.Debug|Any CPU.ActiveCfg = Debug|Any CPU
		{7CE8BEA9-276B-401F-8391-DC083A554E7F}.Debug|Any CPU.Build.0 = Debug|Any CPU
		{7CE8BEA9-276B-401F-8391-DC083A554E7F}.Debug|Any CPU.Deploy.0 = Debug|Any CPU
		{7CE8BEA9-276B-401F-8391-DC083A554E7F}.Debug|ARM.ActiveCfg = Debug|Any CPU
		{7CE8BEA9-276B-401F-8391-DC083A554E7F}.Debug|ARM.Build.0 = Debug|Any CPU
		{7CE8BEA9-276B-401F-8391-DC083A554E7F}.Debug|ARM.Deploy.0 = Debug|Any CPU
		{7CE8BEA9-276B-401F-8391-DC083A554E7F}.Debug|iPhone.ActiveCfg = Debug|Any CPU
		{7CE8BEA9-276B-401F-8391-DC083A554E7F}.Debug|iPhone.Build.0 = Debug|Any CPU
		{7CE8BEA9-276B-401F-8391-DC083A554E7F}.Debug|iPhone.Deploy.0 = Debug|Any CPU
		{7CE8BEA9-276B-401F-8391-DC083A554E7F}.Debug|iPhoneSimulator.ActiveCfg = Debug|Any CPU
		{7CE8BEA9-276B-401F-8391-DC083A554E7F}.Debug|iPhoneSimulator.Build.0 = Debug|Any CPU
		{7CE8BEA9-276B-401F-8391-DC083A554E7F}.Debug|iPhoneSimulator.Deploy.0 = Debug|Any CPU
		{7CE8BEA9-276B-401F-8391-DC083A554E7F}.Debug|x64.ActiveCfg = Debug|Any CPU
		{7CE8BEA9-276B-401F-8391-DC083A554E7F}.Debug|x64.Build.0 = Debug|Any CPU
		{7CE8BEA9-276B-401F-8391-DC083A554E7F}.Debug|x64.Deploy.0 = Debug|Any CPU
		{7CE8BEA9-276B-401F-8391-DC083A554E7F}.Debug|x86.ActiveCfg = Debug|Any CPU
		{7CE8BEA9-276B-401F-8391-DC083A554E7F}.Debug|x86.Build.0 = Debug|Any CPU
		{7CE8BEA9-276B-401F-8391-DC083A554E7F}.Debug|x86.Deploy.0 = Debug|Any CPU
		{7CE8BEA9-276B-401F-8391-DC083A554E7F}.Release|Any CPU.ActiveCfg = Release|Any CPU
		{7CE8BEA9-276B-401F-8391-DC083A554E7F}.Release|Any CPU.Build.0 = Release|Any CPU
		{7CE8BEA9-276B-401F-8391-DC083A554E7F}.Release|Any CPU.Deploy.0 = Release|Any CPU
		{7CE8BEA9-276B-401F-8391-DC083A554E7F}.Release|ARM.ActiveCfg = Release|Any CPU
		{7CE8BEA9-276B-401F-8391-DC083A554E7F}.Release|ARM.Build.0 = Release|Any CPU
		{7CE8BEA9-276B-401F-8391-DC083A554E7F}.Release|ARM.Deploy.0 = Release|Any CPU
		{7CE8BEA9-276B-401F-8391-DC083A554E7F}.Release|iPhone.ActiveCfg = Release|Any CPU
		{7CE8BEA9-276B-401F-8391-DC083A554E7F}.Release|iPhone.Build.0 = Release|Any CPU
		{7CE8BEA9-276B-401F-8391-DC083A554E7F}.Release|iPhone.Deploy.0 = Release|Any CPU
		{7CE8BEA9-276B-401F-8391-DC083A554E7F}.Release|iPhoneSimulator.ActiveCfg = Release|Any CPU
		{7CE8BEA9-276B-401F-8391-DC083A554E7F}.Release|iPhoneSimulator.Build.0 = Release|Any CPU
		{7CE8BEA9-276B-401F-8391-DC083A554E7F}.Release|iPhoneSimulator.Deploy.0 = Release|Any CPU
		{7CE8BEA9-276B-401F-8391-DC083A554E7F}.Release|x64.ActiveCfg = Release|Any CPU
		{7CE8BEA9-276B-401F-8391-DC083A554E7F}.Release|x64.Build.0 = Release|Any CPU
		{7CE8BEA9-276B-401F-8391-DC083A554E7F}.Release|x64.Deploy.0 = Release|Any CPU
		{7CE8BEA9-276B-401F-8391-DC083A554E7F}.Release|x86.ActiveCfg = Release|Any CPU
		{7CE8BEA9-276B-401F-8391-DC083A554E7F}.Release|x86.Build.0 = Release|Any CPU
		{7CE8BEA9-276B-401F-8391-DC083A554E7F}.Release|x86.Deploy.0 = Release|Any CPU
	EndGlobalSection
	GlobalSection(SolutionProperties) = preSolution
		HideSolutionNode = FALSE
	EndGlobalSection
	GlobalSection(ExtensibilityGlobals) = postSolution
		SolutionGuid = {B2671182-1725-4A6B-81BA-39029E2FEB79}
	EndGlobalSection
EndGlobal
